// !$*UTF8*$!
{
	archiveVersion = 1;
	classes = {
	};
	objectVersion = 70;
	objects = {

/* Begin PBXBuildFile section */
		1C0F51902D8EB3FE006562A6 /* Sounds.swift in Sources */ = {isa = PBXBuildFile; fileRef = 1C0F518F2D8EB3F9006562A6 /* Sounds.swift */; };
		1C3558992D719D700071A067 /* GameState.swift in Sources */ = {isa = PBXBuildFile; fileRef = 1C3558982D719D700071A067 /* GameState.swift */; };
		1C3631682D8AB5160049D434 /* AppColors.swift in Sources */ = {isa = PBXBuildFile; fileRef = 1C3631672D8AB5120049D434 /* AppColors.swift */; };
		1C36316A2D8AC4B80049D434 /* SpellingBeeGauge.swift in Sources */ = {isa = PBXBuildFile; fileRef = 1C3631692D8AC4B80049D434 /* SpellingBeeGauge.swift */; };
		1C36316C2D8BC7360049D434 /* SheetUIKit.swift in Sources */ = {isa = PBXBuildFile; fileRef = 1C36316B2D8BC7360049D434 /* SheetUIKit.swift */; };
		1C5E0B712D6880DF00CCB9DB /* EOWL-Words.txt in Resources */ = {isa = PBXBuildFile; fileRef = 1C5E0B702D6880DF00CCB9DB /* EOWL-Words.txt */; };
		1C5E0B742D6892B700CCB9DB /* AlertToast in Frameworks */ = {isa = PBXBuildFile; productRef = 1C5E0B732D6892B700CCB9DB /* AlertToast */; };
		1C5E0B762D68E7E000CCB9DB /* Honeycomb.swift in Sources */ = {isa = PBXBuildFile; fileRef = 1C5E0B752D68E7E000CCB9DB /* Honeycomb.swift */; };
		1C64B9412D6855AB007AFF39 /* Trie.swift in Sources */ = {isa = PBXBuildFile; fileRef = 1C64B9402D6855AB007AFF39 /* Trie.swift */; };
		1C64B9432D685910007AFF39 /* Util.swift in Sources */ = {isa = PBXBuildFile; fileRef = 1C64B9422D685910007AFF39 /* Util.swift */; };
		1C64B9462D685EF9007AFF39 /* Collections in Frameworks */ = {isa = PBXBuildFile; productRef = 1C64B9452D685EF9007AFF39 /* Collections */; };
		1CD612DD2D82BDF40006FEDF /* 1000-most-common-words.txt in Resources */ = {isa = PBXBuildFile; fileRef = 1CD612DC2D82BDF40006FEDF /* 1000-most-common-words.txt */; };
		1CEC94722D5954710099DD07 /* SpellingBeeApp.swift in Sources */ = {isa = PBXBuildFile; fileRef = 1CEC94712D5954710099DD07 /* SpellingBeeApp.swift */; };
		1CEC94742D5954710099DD07 /* ContentView.swift in Sources */ = {isa = PBXBuildFile; fileRef = 1CEC94732D5954710099DD07 /* ContentView.swift */; };
		1CEC94762D5954740099DD07 /* Assets.xcassets in Resources */ = {isa = PBXBuildFile; fileRef = 1CEC94752D5954740099DD07 /* Assets.xcassets */; };
		1CEC94792D5954740099DD07 /* Preview Assets.xcassets in Resources */ = {isa = PBXBuildFile; fileRef = 1CEC94782D5954740099DD07 /* Preview Assets.xcassets */; };
		1CEC94832D5954740099DD07 /* SpellingBeeTests.swift in Sources */ = {isa = PBXBuildFile; fileRef = 1CEC94822D5954740099DD07 /* SpellingBeeTests.swift */; };
		1CEC948D2D5954740099DD07 /* SpellingBeeUITests.swift in Sources */ = {isa = PBXBuildFile; fileRef = 1CEC948C2D5954740099DD07 /* SpellingBeeUITests.swift */; };
		1CEC948F2D5954740099DD07 /* SpellingBeeUITestsLaunchTests.swift in Sources */ = {isa = PBXBuildFile; fileRef = 1CEC948E2D5954740099DD07 /* SpellingBeeUITestsLaunchTests.swift */; };
/* End PBXBuildFile section */

/* Begin PBXContainerItemProxy section */
		1CEC947F2D5954740099DD07 /* PBXContainerItemProxy */ = {
			isa = PBXContainerItemProxy;
			containerPortal = 1CEC94662D5954710099DD07 /* Project object */;
			proxyType = 1;
			remoteGlobalIDString = 1CEC946D2D5954710099DD07;
			remoteInfo = SpellingBee;
		};
		1CEC94892D5954740099DD07 /* PBXContainerItemProxy */ = {
			isa = PBXContainerItemProxy;
			containerPortal = 1CEC94662D5954710099DD07 /* Project object */;
			proxyType = 1;
			remoteGlobalIDString = 1CEC946D2D5954710099DD07;
			remoteInfo = SpellingBee;
		};
/* End PBXContainerItemProxy section */

/* Begin PBXFileReference section */
		1C0F518F2D8EB3F9006562A6 /* Sounds.swift */ = {isa = PBXFileReference; lastKnownFileType = sourcecode.swift; path = Sounds.swift; sourceTree = "<group>"; };
		1C3558982D719D700071A067 /* GameState.swift */ = {isa = PBXFileReference; lastKnownFileType = sourcecode.swift; path = GameState.swift; sourceTree = "<group>"; };
		1C3631672D8AB5120049D434 /* AppColors.swift */ = {isa = PBXFileReference; lastKnownFileType = sourcecode.swift; path = AppColors.swift; sourceTree = "<group>"; };
		1C3631692D8AC4B80049D434 /* SpellingBeeGauge.swift */ = {isa = PBXFileReference; lastKnownFileType = sourcecode.swift; path = SpellingBeeGauge.swift; sourceTree = "<group>"; };
		1C36316B2D8BC7360049D434 /* SheetUIKit.swift */ = {isa = PBXFileReference; lastKnownFileType = sourcecode.swift; path = SheetUIKit.swift; sourceTree = "<group>"; };
		1C5E0B702D6880DF00CCB9DB /* EOWL-Words.txt */ = {isa = PBXFileReference; fileEncoding = 4; lastKnownFileType = text; path = "EOWL-Words.txt"; sourceTree = "<group>"; };
		1C5E0B752D68E7E000CCB9DB /* Honeycomb.swift */ = {isa = PBXFileReference; lastKnownFileType = sourcecode.swift; path = Honeycomb.swift; sourceTree = "<group>"; };
		1C64B9402D6855AB007AFF39 /* Trie.swift */ = {isa = PBXFileReference; lastKnownFileType = sourcecode.swift; path = Trie.swift; sourceTree = "<group>"; };
		1C64B9422D685910007AFF39 /* Util.swift */ = {isa = PBXFileReference; lastKnownFileType = sourcecode.swift; path = Util.swift; sourceTree = "<group>"; };
		1CD612DC2D82BDF40006FEDF /* 1000-most-common-words.txt */ = {isa = PBXFileReference; lastKnownFileType = text; path = "1000-most-common-words.txt"; sourceTree = "<group>"; };
		1CEC946E2D5954710099DD07 /* SpellingBee.app */ = {isa = PBXFileReference; explicitFileType = wrapper.application; includeInIndex = 0; path = SpellingBee.app; sourceTree = BUILT_PRODUCTS_DIR; };
		1CEC94712D5954710099DD07 /* SpellingBeeApp.swift */ = {isa = PBXFileReference; lastKnownFileType = sourcecode.swift; path = SpellingBeeApp.swift; sourceTree = "<group>"; };
		1CEC94732D5954710099DD07 /* ContentView.swift */ = {isa = PBXFileReference; lastKnownFileType = sourcecode.swift; path = ContentView.swift; sourceTree = "<group>"; };
		1CEC94752D5954740099DD07 /* Assets.xcassets */ = {isa = PBXFileReference; lastKnownFileType = folder.assetcatalog; path = Assets.xcassets; sourceTree = "<group>"; };
		1CEC94782D5954740099DD07 /* Preview Assets.xcassets */ = {isa = PBXFileReference; lastKnownFileType = folder.assetcatalog; path = "Preview Assets.xcassets"; sourceTree = "<group>"; };
		1CEC947E2D5954740099DD07 /* SpellingBeeTests.xctest */ = {isa = PBXFileReference; explicitFileType = wrapper.cfbundle; includeInIndex = 0; path = SpellingBeeTests.xctest; sourceTree = BUILT_PRODUCTS_DIR; };
		1CEC94822D5954740099DD07 /* SpellingBeeTests.swift */ = {isa = PBXFileReference; lastKnownFileType = sourcecode.swift; path = SpellingBeeTests.swift; sourceTree = "<group>"; };
		1CEC94882D5954740099DD07 /* SpellingBeeUITests.xctest */ = {isa = PBXFileReference; explicitFileType = wrapper.cfbundle; includeInIndex = 0; path = SpellingBeeUITests.xctest; sourceTree = BUILT_PRODUCTS_DIR; };
		1CEC948C2D5954740099DD07 /* SpellingBeeUITests.swift */ = {isa = PBXFileReference; lastKnownFileType = sourcecode.swift; path = SpellingBeeUITests.swift; sourceTree = "<group>"; };
		1CEC948E2D5954740099DD07 /* SpellingBeeUITestsLaunchTests.swift */ = {isa = PBXFileReference; lastKnownFileType = sourcecode.swift; path = SpellingBeeUITestsLaunchTests.swift; sourceTree = "<group>"; };
/* End PBXFileReference section */

/* Begin PBXFileSystemSynchronizedRootGroup section */
		1CD612DB2D82B8990006FEDF /* sounds */ = {isa = PBXFileSystemSynchronizedRootGroup; explicitFileTypes = {}; explicitFolders = (); path = sounds; sourceTree = "<group>"; };
/* End PBXFileSystemSynchronizedRootGroup section */

/* Begin PBXFrameworksBuildPhase section */
		1CEC946B2D5954710099DD07 /* Frameworks */ = {
			isa = PBXFrameworksBuildPhase;
			buildActionMask = 2147483647;
			files = (
				1C64B9462D685EF9007AFF39 /* Collections in Frameworks */,
				1C5E0B742D6892B700CCB9DB /* AlertToast in Frameworks */,
			);
			runOnlyForDeploymentPostprocessing = 0;
		};
		1CEC947B2D5954740099DD07 /* Frameworks */ = {
			isa = PBXFrameworksBuildPhase;
			buildActionMask = 2147483647;
			files = (
			);
			runOnlyForDeploymentPostprocessing = 0;
		};
		1CEC94852D5954740099DD07 /* Frameworks */ = {
			isa = PBXFrameworksBuildPhase;
			buildActionMask = 2147483647;
			files = (
			);
			runOnlyForDeploymentPostprocessing = 0;
		};
/* End PBXFrameworksBuildPhase section */

/* Begin PBXGroup section */
		1CEC94652D5954710099DD07 = {
			isa = PBXGroup;
			children = (
				1CEC94702D5954710099DD07 /* SpellingBee */,
				1CEC94812D5954740099DD07 /* SpellingBeeTests */,
				1CEC948B2D5954740099DD07 /* SpellingBeeUITests */,
				1CEC946F2D5954710099DD07 /* Products */,
			);
			sourceTree = "<group>";
		};
		1CEC946F2D5954710099DD07 /* Products */ = {
			isa = PBXGroup;
			children = (
				1CEC946E2D5954710099DD07 /* SpellingBee.app */,
				1CEC947E2D5954740099DD07 /* SpellingBeeTests.xctest */,
				1CEC94882D5954740099DD07 /* SpellingBeeUITests.xctest */,
			);
			name = Products;
			sourceTree = "<group>";
		};
		1CEC94702D5954710099DD07 /* SpellingBee */ = {
			isa = PBXGroup;
			children = (
				1C0F518F2D8EB3F9006562A6 /* Sounds.swift */,
				1C36316B2D8BC7360049D434 /* SheetUIKit.swift */,
				1C3631672D8AB5120049D434 /* AppColors.swift */,
				1CD612DC2D82BDF40006FEDF /* 1000-most-common-words.txt */,
				1CD612DB2D82B8990006FEDF /* sounds */,
				1C5E0B702D6880DF00CCB9DB /* EOWL-Words.txt */,
				1CEC94712D5954710099DD07 /* SpellingBeeApp.swift */,
				1CEC94732D5954710099DD07 /* ContentView.swift */,
				1CEC94752D5954740099DD07 /* Assets.xcassets */,
				1CEC94772D5954740099DD07 /* Preview Content */,
				1C64B9402D6855AB007AFF39 /* Trie.swift */,
				1C64B9422D685910007AFF39 /* Util.swift */,
				1C5E0B752D68E7E000CCB9DB /* Honeycomb.swift */,
				1C3558982D719D700071A067 /* GameState.swift */,
				1C3631692D8AC4B80049D434 /* SpellingBeeGauge.swift */,
			);
			path = SpellingBee;
			sourceTree = "<group>";
		};
		1CEC94772D5954740099DD07 /* Preview Content */ = {
			isa = PBXGroup;
			children = (
				1CEC94782D5954740099DD07 /* Preview Assets.xcassets */,
			);
			path = "Preview Content";
			sourceTree = "<group>";
		};
		1CEC94812D5954740099DD07 /* SpellingBeeTests */ = {
			isa = PBXGroup;
			children = (
				1CEC94822D5954740099DD07 /* SpellingBeeTests.swift */,
			);
			path = SpellingBeeTests;
			sourceTree = "<group>";
		};
		1CEC948B2D5954740099DD07 /* SpellingBeeUITests */ = {
			isa = PBXGroup;
			children = (
				1CEC948C2D5954740099DD07 /* SpellingBeeUITests.swift */,
				1CEC948E2D5954740099DD07 /* SpellingBeeUITestsLaunchTests.swift */,
			);
			path = SpellingBeeUITests;
			sourceTree = "<group>";
		};
/* End PBXGroup section */

/* Begin PBXNativeTarget section */
		1CEC946D2D5954710099DD07 /* SpellingBee */ = {
			isa = PBXNativeTarget;
			buildConfigurationList = 1CEC94922D5954740099DD07 /* Build configuration list for PBXNativeTarget "SpellingBee" */;
			buildPhases = (
				1CEC946A2D5954710099DD07 /* Sources */,
				1CEC946B2D5954710099DD07 /* Frameworks */,
				1CEC946C2D5954710099DD07 /* Resources */,
			);
			buildRules = (
			);
			dependencies = (
			);
			fileSystemSynchronizedGroups = (
				1CD612DB2D82B8990006FEDF /* sounds */,
			);
			name = SpellingBee;
			packageProductDependencies = (
				1C64B9452D685EF9007AFF39 /* Collections */,
				1C5E0B732D6892B700CCB9DB /* AlertToast */,
			);
			productName = SpellingBee;
			productReference = 1CEC946E2D5954710099DD07 /* SpellingBee.app */;
			productType = "com.apple.product-type.application";
		};
		1CEC947D2D5954740099DD07 /* SpellingBeeTests */ = {
			isa = PBXNativeTarget;
			buildConfigurationList = 1CEC94952D5954740099DD07 /* Build configuration list for PBXNativeTarget "SpellingBeeTests" */;
			buildPhases = (
				1CEC947A2D5954740099DD07 /* Sources */,
				1CEC947B2D5954740099DD07 /* Frameworks */,
				1CEC947C2D5954740099DD07 /* Resources */,
			);
			buildRules = (
			);
			dependencies = (
				1CEC94802D5954740099DD07 /* PBXTargetDependency */,
			);
			name = SpellingBeeTests;
			productName = SpellingBeeTests;
			productReference = 1CEC947E2D5954740099DD07 /* SpellingBeeTests.xctest */;
			productType = "com.apple.product-type.bundle.unit-test";
		};
		1CEC94872D5954740099DD07 /* SpellingBeeUITests */ = {
			isa = PBXNativeTarget;
			buildConfigurationList = 1CEC94982D5954740099DD07 /* Build configuration list for PBXNativeTarget "SpellingBeeUITests" */;
			buildPhases = (
				1CEC94842D5954740099DD07 /* Sources */,
				1CEC94852D5954740099DD07 /* Frameworks */,
				1CEC94862D5954740099DD07 /* Resources */,
			);
			buildRules = (
			);
			dependencies = (
				1CEC948A2D5954740099DD07 /* PBXTargetDependency */,
			);
			name = SpellingBeeUITests;
			productName = SpellingBeeUITests;
			productReference = 1CEC94882D5954740099DD07 /* SpellingBeeUITests.xctest */;
			productType = "com.apple.product-type.bundle.ui-testing";
		};
/* End PBXNativeTarget section */

/* Begin PBXProject section */
		1CEC94662D5954710099DD07 /* Project object */ = {
			isa = PBXProject;
			attributes = {
				BuildIndependentTargetsInParallel = 1;
				LastSwiftUpdateCheck = 1540;
				LastUpgradeCheck = 1620;
				TargetAttributes = {
					1CEC946D2D5954710099DD07 = {
						CreatedOnToolsVersion = 15.4;
					};
					1CEC947D2D5954740099DD07 = {
						CreatedOnToolsVersion = 15.4;
						TestTargetID = 1CEC946D2D5954710099DD07;
					};
					1CEC94872D5954740099DD07 = {
						CreatedOnToolsVersion = 15.4;
						TestTargetID = 1CEC946D2D5954710099DD07;
					};
				};
			};
			buildConfigurationList = 1CEC94692D5954710099DD07 /* Build configuration list for PBXProject "SpellingBee" */;
			compatibilityVersion = "Xcode 14.0";
			developmentRegion = en;
			hasScannedForEncodings = 0;
			knownRegions = (
				en,
				Base,
			);
			mainGroup = 1CEC94652D5954710099DD07;
			packageReferences = (
				1C64B9442D685EF9007AFF39 /* XCRemoteSwiftPackageReference "swift-collections" */,
				1C5E0B722D6892B700CCB9DB /* XCRemoteSwiftPackageReference "AlertToast" */,
			);
			productRefGroup = 1CEC946F2D5954710099DD07 /* Products */;
			projectDirPath = "";
			projectRoot = "";
			targets = (
				1CEC946D2D5954710099DD07 /* SpellingBee */,
				1CEC947D2D5954740099DD07 /* SpellingBeeTests */,
				1CEC94872D5954740099DD07 /* SpellingBeeUITests */,
			);
		};
/* End PBXProject section */

/* Begin PBXResourcesBuildPhase section */
		1CEC946C2D5954710099DD07 /* Resources */ = {
			isa = PBXResourcesBuildPhase;
			buildActionMask = 2147483647;
			files = (
				1CD612DD2D82BDF40006FEDF /* 1000-most-common-words.txt in Resources */,
				1CEC94792D5954740099DD07 /* Preview Assets.xcassets in Resources */,
				1CEC94762D5954740099DD07 /* Assets.xcassets in Resources */,
				1C5E0B712D6880DF00CCB9DB /* EOWL-Words.txt in Resources */,
			);
			runOnlyForDeploymentPostprocessing = 0;
		};
		1CEC947C2D5954740099DD07 /* Resources */ = {
			isa = PBXResourcesBuildPhase;
			buildActionMask = 2147483647;
			files = (
			);
			runOnlyForDeploymentPostprocessing = 0;
		};
		1CEC94862D5954740099DD07 /* Resources */ = {
			isa = PBXResourcesBuildPhase;
			buildActionMask = 2147483647;
			files = (
			);
			runOnlyForDeploymentPostprocessing = 0;
		};
/* End PBXResourcesBuildPhase section */

/* Begin PBXSourcesBuildPhase section */
		1CEC946A2D5954710099DD07 /* Sources */ = {
			isa = PBXSourcesBuildPhase;
			buildActionMask = 2147483647;
			files = (
				1C3558992D719D700071A067 /* GameState.swift in Sources */,
				1C64B9412D6855AB007AFF39 /* Trie.swift in Sources */,
				1C3631682D8AB5160049D434 /* AppColors.swift in Sources */,
				1CEC94742D5954710099DD07 /* ContentView.swift in Sources */,
				1C5E0B762D68E7E000CCB9DB /* Honeycomb.swift in Sources */,
				1CEC94722D5954710099DD07 /* SpellingBeeApp.swift in Sources */,
				1C36316A2D8AC4B80049D434 /* SpellingBeeGauge.swift in Sources */,
				1C0F51902D8EB3FE006562A6 /* Sounds.swift in Sources */,
				1C64B9432D685910007AFF39 /* Util.swift in Sources */,
				1C36316C2D8BC7360049D434 /* SheetUIKit.swift in Sources */,
			);
			runOnlyForDeploymentPostprocessing = 0;
		};
		1CEC947A2D5954740099DD07 /* Sources */ = {
			isa = PBXSourcesBuildPhase;
			buildActionMask = 2147483647;
			files = (
				1CEC94832D5954740099DD07 /* SpellingBeeTests.swift in Sources */,
			);
			runOnlyForDeploymentPostprocessing = 0;
		};
		1CEC94842D5954740099DD07 /* Sources */ = {
			isa = PBXSourcesBuildPhase;
			buildActionMask = 2147483647;
			files = (
				1CEC948D2D5954740099DD07 /* SpellingBeeUITests.swift in Sources */,
				1CEC948F2D5954740099DD07 /* SpellingBeeUITestsLaunchTests.swift in Sources */,
			);
			runOnlyForDeploymentPostprocessing = 0;
		};
/* End PBXSourcesBuildPhase section */

/* Begin PBXTargetDependency section */
		1CEC94802D5954740099DD07 /* PBXTargetDependency */ = {
			isa = PBXTargetDependency;
			target = 1CEC946D2D5954710099DD07 /* SpellingBee */;
			targetProxy = 1CEC947F2D5954740099DD07 /* PBXContainerItemProxy */;
		};
		1CEC948A2D5954740099DD07 /* PBXTargetDependency */ = {
			isa = PBXTargetDependency;
			target = 1CEC946D2D5954710099DD07 /* SpellingBee */;
			targetProxy = 1CEC94892D5954740099DD07 /* PBXContainerItemProxy */;
		};
/* End PBXTargetDependency section */

/* Begin XCBuildConfiguration section */
		1CEC94902D5954740099DD07 /* Debug */ = {
			isa = XCBuildConfiguration;
			buildSettings = {
				ALWAYS_SEARCH_USER_PATHS = NO;
				ASSETCATALOG_COMPILER_GENERATE_SWIFT_ASSET_SYMBOL_EXTENSIONS = YES;
				CLANG_ANALYZER_NONNULL = YES;
				CLANG_ANALYZER_NUMBER_OBJECT_CONVERSION = YES_AGGRESSIVE;
				CLANG_CXX_LANGUAGE_STANDARD = "gnu++20";
				CLANG_ENABLE_MODULES = YES;
				CLANG_ENABLE_OBJC_ARC = YES;
				CLANG_ENABLE_OBJC_WEAK = YES;
				CLANG_WARN_BLOCK_CAPTURE_AUTORELEASING = YES;
				CLANG_WARN_BOOL_CONVERSION = YES;
				CLANG_WARN_COMMA = YES;
				CLANG_WARN_CONSTANT_CONVERSION = YES;
				CLANG_WARN_DEPRECATED_OBJC_IMPLEMENTATIONS = YES;
				CLANG_WARN_DIRECT_OBJC_ISA_USAGE = YES_ERROR;
				CLANG_WARN_DOCUMENTATION_COMMENTS = YES;
				CLANG_WARN_EMPTY_BODY = YES;
				CLANG_WARN_ENUM_CONVERSION = YES;
				CLANG_WARN_INFINITE_RECURSION = YES;
				CLANG_WARN_INT_CONVERSION = YES;
				CLANG_WARN_NON_LITERAL_NULL_CONVERSION = YES;
				CLANG_WARN_OBJC_IMPLICIT_RETAIN_SELF = YES;
				CLANG_WARN_OBJC_LITERAL_CONVERSION = YES;
				CLANG_WARN_OBJC_ROOT_CLASS = YES_ERROR;
				CLANG_WARN_QUOTED_INCLUDE_IN_FRAMEWORK_HEADER = YES;
				CLANG_WARN_RANGE_LOOP_ANALYSIS = YES;
				CLANG_WARN_STRICT_PROTOTYPES = YES;
				CLANG_WARN_SUSPICIOUS_MOVE = YES;
				CLANG_WARN_UNGUARDED_AVAILABILITY = YES_AGGRESSIVE;
				CLANG_WARN_UNREACHABLE_CODE = YES;
				CLANG_WARN__DUPLICATE_METHOD_MATCH = YES;
				COPY_PHASE_STRIP = NO;
				DEBUG_INFORMATION_FORMAT = dwarf;
				ENABLE_STRICT_OBJC_MSGSEND = YES;
				ENABLE_TESTABILITY = YES;
				ENABLE_USER_SCRIPT_SANDBOXING = YES;
				GCC_C_LANGUAGE_STANDARD = gnu17;
				GCC_DYNAMIC_NO_PIC = NO;
				GCC_NO_COMMON_BLOCKS = YES;
				GCC_OPTIMIZATION_LEVEL = 0;
				GCC_PREPROCESSOR_DEFINITIONS = (
					"DEBUG=1",
					"$(inherited)",
				);
				GCC_WARN_64_TO_32_BIT_CONVERSION = YES;
				GCC_WARN_ABOUT_RETURN_TYPE = YES_ERROR;
				GCC_WARN_UNDECLARED_SELECTOR = YES;
				GCC_WARN_UNINITIALIZED_AUTOS = YES_AGGRESSIVE;
				GCC_WARN_UNUSED_FUNCTION = YES;
				GCC_WARN_UNUSED_VARIABLE = YES;
				IPHONEOS_DEPLOYMENT_TARGET = 15.6;
				LOCALIZATION_PREFERS_STRING_CATALOGS = YES;
				MTL_ENABLE_DEBUG_INFO = INCLUDE_SOURCE;
				MTL_FAST_MATH = YES;
				ONLY_ACTIVE_ARCH = YES;
				SDKROOT = iphoneos;
				SWIFT_ACTIVE_COMPILATION_CONDITIONS = "DEBUG $(inherited)";
				SWIFT_OPTIMIZATION_LEVEL = "-Onone";
			};
			name = Debug;
		};
		1CEC94912D5954740099DD07 /* Release */ = {
			isa = XCBuildConfiguration;
			buildSettings = {
				ALWAYS_SEARCH_USER_PATHS = NO;
				ASSETCATALOG_COMPILER_GENERATE_SWIFT_ASSET_SYMBOL_EXTENSIONS = YES;
				CLANG_ANALYZER_NONNULL = YES;
				CLANG_ANALYZER_NUMBER_OBJECT_CONVERSION = YES_AGGRESSIVE;
				CLANG_CXX_LANGUAGE_STANDARD = "gnu++20";
				CLANG_ENABLE_MODULES = YES;
				CLANG_ENABLE_OBJC_ARC = YES;
				CLANG_ENABLE_OBJC_WEAK = YES;
				CLANG_WARN_BLOCK_CAPTURE_AUTORELEASING = YES;
				CLANG_WARN_BOOL_CONVERSION = YES;
				CLANG_WARN_COMMA = YES;
				CLANG_WARN_CONSTANT_CONVERSION = YES;
				CLANG_WARN_DEPRECATED_OBJC_IMPLEMENTATIONS = YES;
				CLANG_WARN_DIRECT_OBJC_ISA_USAGE = YES_ERROR;
				CLANG_WARN_DOCUMENTATION_COMMENTS = YES;
				CLANG_WARN_EMPTY_BODY = YES;
				CLANG_WARN_ENUM_CONVERSION = YES;
				CLANG_WARN_INFINITE_RECURSION = YES;
				CLANG_WARN_INT_CONVERSION = YES;
				CLANG_WARN_NON_LITERAL_NULL_CONVERSION = YES;
				CLANG_WARN_OBJC_IMPLICIT_RETAIN_SELF = YES;
				CLANG_WARN_OBJC_LITERAL_CONVERSION = YES;
				CLANG_WARN_OBJC_ROOT_CLASS = YES_ERROR;
				CLANG_WARN_QUOTED_INCLUDE_IN_FRAMEWORK_HEADER = YES;
				CLANG_WARN_RANGE_LOOP_ANALYSIS = YES;
				CLANG_WARN_STRICT_PROTOTYPES = YES;
				CLANG_WARN_SUSPICIOUS_MOVE = YES;
				CLANG_WARN_UNGUARDED_AVAILABILITY = YES_AGGRESSIVE;
				CLANG_WARN_UNREACHABLE_CODE = YES;
				CLANG_WARN__DUPLICATE_METHOD_MATCH = YES;
				COPY_PHASE_STRIP = NO;
				DEBUG_INFORMATION_FORMAT = "dwarf-with-dsym";
				ENABLE_NS_ASSERTIONS = NO;
				ENABLE_STRICT_OBJC_MSGSEND = YES;
				ENABLE_USER_SCRIPT_SANDBOXING = YES;
				GCC_C_LANGUAGE_STANDARD = gnu17;
				GCC_NO_COMMON_BLOCKS = YES;
				GCC_WARN_64_TO_32_BIT_CONVERSION = YES;
				GCC_WARN_ABOUT_RETURN_TYPE = YES_ERROR;
				GCC_WARN_UNDECLARED_SELECTOR = YES;
				GCC_WARN_UNINITIALIZED_AUTOS = YES_AGGRESSIVE;
				GCC_WARN_UNUSED_FUNCTION = YES;
				GCC_WARN_UNUSED_VARIABLE = YES;
				IPHONEOS_DEPLOYMENT_TARGET = 15.6;
				LOCALIZATION_PREFERS_STRING_CATALOGS = YES;
				MTL_ENABLE_DEBUG_INFO = NO;
				MTL_FAST_MATH = YES;
				SDKROOT = iphoneos;
				SWIFT_COMPILATION_MODE = wholemodule;
				VALIDATE_PRODUCT = YES;
			};
			name = Release;
		};
		1CEC94932D5954740099DD07 /* Debug */ = {
			isa = XCBuildConfiguration;
			buildSettings = {
				ASSETCATALOG_COMPILER_APPICON_NAME = AppIcon;
				ASSETCATALOG_COMPILER_GLOBAL_ACCENT_COLOR_NAME = AccentColor;
				CODE_SIGN_STYLE = Automatic;
				CURRENT_PROJECT_VERSION = 1;
				DEVELOPMENT_ASSET_PATHS = "\"SpellingBee/Preview Content\"";
				DEVELOPMENT_TEAM = S729G4A582;
				ENABLE_PREVIEWS = YES;
				GENERATE_INFOPLIST_FILE = YES;
				INFOPLIST_KEY_UIApplicationSceneManifest_Generation = YES;
				INFOPLIST_KEY_UIApplicationSupportsIndirectInputEvents = YES;
				INFOPLIST_KEY_UILaunchScreen_Generation = YES;
				INFOPLIST_KEY_UISupportedInterfaceOrientations_iPad = "UIInterfaceOrientationLandscapeLeft UIInterfaceOrientationLandscapeRight";
				INFOPLIST_KEY_UISupportedInterfaceOrientations_iPhone = "UIInterfaceOrientationPortrait UIInterfaceOrientationLandscapeLeft UIInterfaceOrientationLandscapeRight";
				LD_RUNPATH_SEARCH_PATHS = (
					"$(inherited)",
					"@executable_path/Frameworks",
				);
				MARKETING_VERSION = 1.0;
				PRODUCT_BUNDLE_IDENTIFIER = com.shaynie.SpellingBee;
				PRODUCT_NAME = "$(TARGET_NAME)";
				SWIFT_EMIT_LOC_STRINGS = YES;
				SWIFT_VERSION = 5.0;
				TARGETED_DEVICE_FAMILY = "1,2";
			};
			name = Debug;
		};
		1CEC94942D5954740099DD07 /* Release */ = {
			isa = XCBuildConfiguration;
			buildSettings = {
				ASSETCATALOG_COMPILER_APPICON_NAME = AppIcon;
				ASSETCATALOG_COMPILER_GLOBAL_ACCENT_COLOR_NAME = AccentColor;
				CODE_SIGN_STYLE = Automatic;
				CURRENT_PROJECT_VERSION = 1;
				DEVELOPMENT_ASSET_PATHS = "\"SpellingBee/Preview Content\"";
				DEVELOPMENT_TEAM = S729G4A582;
				ENABLE_PREVIEWS = YES;
				GENERATE_INFOPLIST_FILE = YES;
				INFOPLIST_KEY_UIApplicationSceneManifest_Generation = YES;
				INFOPLIST_KEY_UIApplicationSupportsIndirectInputEvents = YES;
				INFOPLIST_KEY_UILaunchScreen_Generation = YES;
				INFOPLIST_KEY_UISupportedInterfaceOrientations_iPad = "UIInterfaceOrientationLandscapeLeft UIInterfaceOrientationLandscapeRight";
				INFOPLIST_KEY_UISupportedInterfaceOrientations_iPhone = "UIInterfaceOrientationPortrait UIInterfaceOrientationLandscapeLeft UIInterfaceOrientationLandscapeRight";
				LD_RUNPATH_SEARCH_PATHS = (
					"$(inherited)",
					"@executable_path/Frameworks",
				);
				MARKETING_VERSION = 1.0;
				PRODUCT_BUNDLE_IDENTIFIER = com.shaynie.SpellingBee;
				PRODUCT_NAME = "$(TARGET_NAME)";
				SWIFT_EMIT_LOC_STRINGS = YES;
				SWIFT_VERSION = 5.0;
				TARGETED_DEVICE_FAMILY = "1,2";
			};
			name = Release;
		};
		1CEC94962D5954740099DD07 /* Debug */ = {
			isa = XCBuildConfiguration;
			buildSettings = {
				BUNDLE_LOADER = "$(TEST_HOST)";
				CODE_SIGN_STYLE = Automatic;
				CURRENT_PROJECT_VERSION = 1;
				GENERATE_INFOPLIST_FILE = YES;
				IPHONEOS_DEPLOYMENT_TARGET = 17.5;
				MARKETING_VERSION = 1.0;
				PRODUCT_BUNDLE_IDENTIFIER = com.shaynie.SpellingBeeTests;
				PRODUCT_NAME = "$(TARGET_NAME)";
				SWIFT_EMIT_LOC_STRINGS = NO;
				SWIFT_VERSION = 5.0;
				TARGETED_DEVICE_FAMILY = "1,2";
				TEST_HOST = "$(BUILT_PRODUCTS_DIR)/SpellingBee.app/$(BUNDLE_EXECUTABLE_FOLDER_PATH)/SpellingBee";
			};
			name = Debug;
		};
		1CEC94972D5954740099DD07 /* Release */ = {
			isa = XCBuildConfiguration;
			buildSettings = {
				BUNDLE_LOADER = "$(TEST_HOST)";
				CODE_SIGN_STYLE = Automatic;
				CURRENT_PROJECT_VERSION = 1;
				GENERATE_INFOPLIST_FILE = YES;
				IPHONEOS_DEPLOYMENT_TARGET = 17.5;
				MARKETING_VERSION = 1.0;
				PRODUCT_BUNDLE_IDENTIFIER = com.shaynie.SpellingBeeTests;
				PRODUCT_NAME = "$(TARGET_NAME)";
				SWIFT_EMIT_LOC_STRINGS = NO;
				SWIFT_VERSION = 5.0;
				TARGETED_DEVICE_FAMILY = "1,2";
				TEST_HOST = "$(BUILT_PRODUCTS_DIR)/SpellingBee.app/$(BUNDLE_EXECUTABLE_FOLDER_PATH)/SpellingBee";
			};
			name = Release;
		};
		1CEC94992D5954740099DD07 /* Debug */ = {
			isa = XCBuildConfiguration;
			buildSettings = {
				CODE_SIGN_STYLE = Automatic;
				CURRENT_PROJECT_VERSION = 1;
				GENERATE_INFOPLIST_FILE = YES;
				MARKETING_VERSION = 1.0;
				PRODUCT_BUNDLE_IDENTIFIER = com.shaynie.SpellingBeeUITests;
				PRODUCT_NAME = "$(TARGET_NAME)";
				SWIFT_EMIT_LOC_STRINGS = NO;
				SWIFT_VERSION = 5.0;
				TARGETED_DEVICE_FAMILY = "1,2";
				TEST_TARGET_NAME = SpellingBee;
			};
			name = Debug;
		};
		1CEC949A2D5954740099DD07 /* Release */ = {
			isa = XCBuildConfiguration;
			buildSettings = {
				CODE_SIGN_STYLE = Automatic;
				CURRENT_PROJECT_VERSION = 1;
				GENERATE_INFOPLIST_FILE = YES;
				MARKETING_VERSION = 1.0;
				PRODUCT_BUNDLE_IDENTIFIER = com.shaynie.SpellingBeeUITests;
				PRODUCT_NAME = "$(TARGET_NAME)";
				SWIFT_EMIT_LOC_STRINGS = NO;
				SWIFT_VERSION = 5.0;
				TARGETED_DEVICE_FAMILY = "1,2";
				TEST_TARGET_NAME = SpellingBee;
			};
			name = Release;
		};
/* End XCBuildConfiguration section */

/* Begin XCConfigurationList section */
		1CEC94692D5954710099DD07 /* Build configuration list for PBXProject "SpellingBee" */ = {
			isa = XCConfigurationList;
			buildConfigurations = (
				1CEC94902D5954740099DD07 /* Debug */,
				1CEC94912D5954740099DD07 /* Release */,
			);
			defaultConfigurationIsVisible = 0;
			defaultConfigurationName = Release;
		};
		1CEC94922D5954740099DD07 /* Build configuration list for PBXNativeTarget "SpellingBee" */ = {
			isa = XCConfigurationList;
			buildConfigurations = (
				1CEC94932D5954740099DD07 /* Debug */,
				1CEC94942D5954740099DD07 /* Release */,
			);
			defaultConfigurationIsVisible = 0;
			defaultConfigurationName = Release;
		};
		1CEC94952D5954740099DD07 /* Build configuration list for PBXNativeTarget "SpellingBeeTests" */ = {
			isa = XCConfigurationList;
			buildConfigurations = (
				1CEC94962D5954740099DD07 /* Debug */,
				1CEC94972D5954740099DD07 /* Release */,
			);
			defaultConfigurationIsVisible = 0;
			defaultConfigurationName = Release;
		};
		1CEC94982D5954740099DD07 /* Build configuration list for PBXNativeTarget "SpellingBeeUITests" */ = {
			isa = XCConfigurationList;
			buildConfigurations = (
				1CEC94992D5954740099DD07 /* Debug */,
				1CEC949A2D5954740099DD07 /* Release */,
			);
			defaultConfigurationIsVisible = 0;
			defaultConfigurationName = Release;
		};
/* End XCConfigurationList section */

/* Begin XCRemoteSwiftPackageReference section */
		1C5E0B722D6892B700CCB9DB /* XCRemoteSwiftPackageReference "AlertToast" */ = {
			isa = XCRemoteSwiftPackageReference;
			repositoryURL = "https://github.com/elai950/AlertToast.git";
			requirement = {
				kind = upToNextMajorVersion;
				minimumVersion = 1.3.9;
			};
		};
		1C64B9442D685EF9007AFF39 /* XCRemoteSwiftPackageReference "swift-collections" */ = {
			isa = XCRemoteSwiftPackageReference;
			repositoryURL = "https://github.com/apple/swift-collections.git";
			requirement = {
				kind = upToNextMajorVersion;
				minimumVersion = 1.1.4;
			};
		};
/* End XCRemoteSwiftPackageReference section */

/* Begin XCSwiftPackageProductDependency section */
		1C5E0B732D6892B700CCB9DB /* AlertToast */ = {
			isa = XCSwiftPackageProductDependency;
			package = 1C5E0B722D6892B700CCB9DB /* XCRemoteSwiftPackageReference "AlertToast" */;
			productName = AlertToast;
		};
		1C64B9452D685EF9007AFF39 /* Collections */ = {
			isa = XCSwiftPackageProductDependency;
			package = 1C64B9442D685EF9007AFF39 /* XCRemoteSwiftPackageReference "swift-collections" */;
			productName = Collections;
		};
/* End XCSwiftPackageProductDependency section */
	};
	rootObject = 1CEC94662D5954710099DD07 /* Project object */;
}
